github.com/aws/aws-lambda-go v1.47.0 h1:0H8s0vumYx/YKs4sE7YM0ktwL2eWse+kfopsRI1sXVI=
github.com/aws/aws-lambda-go v1.47.0/go.mod h1:dpMpZgvWx5vuQJfBt0zqBha60q7Dd7RfgJv23DymV8A=
github.com/aws/aws-sdk-go v1.55.5 h1:KKUZBfBoyqy5d3swXyiC7Q76ic40rYcbqH7qjh59kzU=
github.com/aws/aws-sdk-go v1.55.5/go.mod h1:eRwEWoyTWFMVYVQzKMNHWP5/RV4xIUGMQfXQHfHkpNU=
github.com/aws/aws-sdk-go-v2 v1.30.5 h1:mWSRTwQAb0aLE17dSzztCVJWI9+cRMgqebndjwDyK0g=
github.com/aws/aws-sdk-go-v2 v1.30.5/go.mod h1:CT+ZPWXbYrci8chcARI3OmI/qgd+f6WtuLOoaIA8PR0=
github.com/aws/aws-sdk-go-v2 v1.31.0 h1:3V05LbxTSItI5kUqNwhJrrrY1BAXxXt0sN0l72QmG5U=
github.com/aws/aws-sdk-go-v2 v1.31.0/go.mod h1:ztolYtaEUtdpf9Wftr31CJfLVjOnD/CVRkKOOYgF8hA=
github.com/aws/aws-sdk-go-v2 v1.36.3 h1:mJoei2CxPutQVxaATCzDUjcZEjVRdpsiiXi2o38yqWM=
github.com/aws/aws-sdk-go-v2 v1.36.3/go.mod h1:LLXuLpgzEbD766Z5ECcRmi8AzSwfZItDtmABVkRLGzg=
github.com/aws/aws-sdk-go-v2/aws/protocol/eventstream v1.6.4 h1:70PVAiL15/aBMh5LThwgXdSQorVr91L127ttckI9QQU=
github.com/aws/aws-sdk-go-v2/aws/protocol/eventstream v1.6.4/go.mod h1:/MQxMqci8tlqDH+pjmoLu1i0tbWCUP1hhyMRuFxpQCw=
github.com/aws/aws-sdk-go-v2/aws/protocol/eventstream v1.6.10 h1:zAybnyUQXIZ5mok5Jqwlf58/TFE7uvd3IAsa1aF9cXs=
github.com/aws/aws-sdk-go-v2/aws/protocol/eventstream v1.6.10/go.mod h1:qqvMj6gHLR/EXWZw4ZbqlPbQUyenf4h82UQUlKc+l14=
github.com/aws/aws-sdk-go-v2/config v1.27.33 h1:Nof9o/MsmH4oa0s2q9a0k7tMz5x/Yj5k06lDODWz3BU=
github.com/aws/aws-sdk-go-v2/config v1.27.33/go.mod h1:kEqdYzRb8dd8Sy2pOdEbExTTF5v7ozEXX0McgPE7xks=
github.com/aws/aws-sdk-go-v2/credentials v1.17.32 h1:7Cxhp/BnT2RcGy4VisJ9miUPecY+lyE9I8JvcZofn9I=
github.com/aws/aws-sdk-go-v2/credentials v1.17.32/go.mod h1:P5/QMF3/DCHbXGEGkdbilXHsyTBX5D3HSwcrSc9p20I=
github.com/aws/aws-sdk-go-v2/feature/dynamodb/attributevalue v1.15.2 h1:ss2pLhKcLRqzzWR08Z3arJN1R/9gcjDbzlYHyYNZ/F0=
github.com/aws/aws-sdk-go-v2/feature/dynamodb/attributevalue v1.15.2/go.mod h1:luXuuIR1T/EQo8PO3rkxKajO0hMRa7NYUhComrBpgW0=
github.com/aws/aws-sdk-go-v2/feature/dynamodb/attributevalue v1.15.3 h1:/BPXKQ6n1cDWPmc5FWF6fCSaUtK+dWkWd0x9dI4dgaI=
github.com/aws/aws-sdk-go-v2/feature/dynamodb/attributevalue v1.15.3/go.mod h1:qabLXChRlJREypX5RN/Z47GU+RaMsjotNCZfZ85oD0M=
github.com/aws/aws-sdk-go-v2/feature/dynamodb/expression v1.7.38 h1:lAr6FNywaadkLiYlL0RGujsIPnKH0juBjN4RBKSbC4g=
github.com/aws/aws-sdk-go-v2/feature/dynamodb/expression v1.7.38/go.mod h1:mQ1Iejq4OTIOBoEBUXGHGfgqWuPyJu8A/viM04PSvzM=
github.com/aws/aws-sdk-go-v2/feature/ec2/imds v1.16.13 h1:pfQ2sqNpMVK6xz2RbqLEL0GH87JOwSxPV2rzm8Zsb74=
github.com/aws/aws-sdk-go-v2/feature/ec2/imds v1.16.13/go.mod h1:NG7RXPUlqfsCLLFfi0+IpKN4sCB9D9fw/qTaSB+xRoU=
github.com/aws/aws-sdk-go-v2/internal/configsources v1.3.17 h1:pI7Bzt0BJtYA0N/JEC6B8fJ4RBrEMi1LBrkMdFYNSnQ=
github.com/aws/aws-sdk-go-v2/internal/configsources v1.3.17/go.mod h1:Dh5zzJYMtxfIjYW+/evjQ8uj2OyR/ve2KROHGHlSFqE=
github.com/aws/aws-sdk-go-v2/internal/configsources v1.3.18 h1:kYQ3H1u0ANr9KEKlGs/jTLrBFPo8P8NaH/w7A01NeeM=
github.com/aws/aws-sdk-go-v2/internal/configsources v1.3.18/go.mod h1:r506HmK5JDUh9+Mw4CfGJGSSoqIiLCndAuqXuhbv67Y=
github.com/aws/aws-sdk-go-v2/internal/configsources v1.3.34 h1:ZK5jHhnrioRkUNOc+hOgQKlUL5JeC3S6JgLxtQ+Rm0Q=
github.com/aws/aws-sdk-go-v2/internal/configsources v1.3.34/go.mod h1:p4VfIceZokChbA9FzMbRGz5OV+lekcVtHlPKEO0gSZY=
github.com/aws/aws-sdk-go-v2/internal/endpoints/v2 v2.6.17 h1:Mqr/V5gvrhA2gvgnF42Zh5iMiQNcOYthFYwCyrnuWlc=
github.com/aws/aws-sdk-go-v2/internal/endpoints/v2 v2.6.17/go.mod h1:aLJpZlCmjE+V+KtN1q1uyZkfnUWpQGpbsn89XPKyzfU=
github.com/aws/aws-sdk-go-v2/internal/endpoints/v2 v2.6.18 h1:Z7IdFUONvTcvS7YuhtVxN99v2cCoHRXOS4mTr0B/pUc=
github.com/aws/aws-sdk-go-v2/internal/endpoints/v2 v2.6.18/go.mod h1:DkKMmksZVVyat+Y+r1dEOgJEfUeA7UngIHWeKsi0yNc=
github.com/aws/aws-sdk-go-v2/internal/endpoints/v2 v2.6.34 h1:SZwFm17ZUNNg5Np0ioo/gq8Mn6u9w19Mri8DnJ15Jf0=
github.com/aws/aws-sdk-go-v2/internal/endpoints/v2 v2.6.34/go.mod h1:dFZsC0BLo346mvKQLWmoJxT+Sjp+qcVR1tRVHQGOH9Q=
github.com/aws/aws-sdk-go-v2/internal/ini v1.8.1 h1:VaRN3TlFdd6KxX1x3ILT5ynH6HvKgqdiXoTxAF4HQcQ=
github.com/aws/aws-sdk-go-v2/internal/ini v1.8.1/go.mod h1:FbtygfRFze9usAadmnGJNc8KsP346kEe+y2/oyhGAGc=
github.com/aws/aws-sdk-go-v2/internal/v4a v1.3.34 h1:ZNTqv4nIdE/DiBfUUfXcLZ/Spcuz+RjeziUtNJackkM=
github.com/aws/aws-sdk-go-v2/internal/v4a v1.3.34/go.mod h1:zf7Vcd1ViW7cPqYWEHLHJkS50X0JS2IKz9Cgaj6ugrs=
github.com/aws/aws-sdk-go-v2/service/apigatewaymanagementapi v1.22.1 h1:M+nVwJFwrwF7XwdXHi7ozt76UFJNYHzZ1ay5xhXj13c=
github.com/aws/aws-sdk-go-v2/service/apigatewaymanagementapi v1.22.1/go.mod h1:0lTO1O4WWkfgjeIm8i5OYCRu7H4LkaANAIrnkY2f9JQ=
github.com/aws/aws-sdk-go-v2/service/dynamodb v1.34.8 h1:XTz8pSCsPiM9FpT+gTPIL6ryiu/T4Z3dpR/FBtPaBXA=
github.com/aws/aws-sdk-go-v2/service/dynamodb v1.34.8/go.mod h1:N3YdUYxyxhiuAelUgCpSVBuBI1klobJxZrDtL+olu10=
github.com/aws/aws-sdk-go-v2/service/dynamodb v1.34.9 h1:jbqgtdKfAXebx2/l2UhDEe/jmmCIhaCO3HFK71M7VzM=
github.com/aws/aws-sdk-go-v2/service/dynamodb v1.34.9/go.mod h1:N3YdUYxyxhiuAelUgCpSVBuBI1klobJxZrDtL+olu10=
github.com/aws/aws-sdk-go-v2/service/dynamodbstreams v1.22.7 h1:VTBHXWkSeFgT3sfYB4U92qMgzHl0nz9H1tYNHHutLg0=
github.com/aws/aws-sdk-go-v2/service/dynamodbstreams v1.22.7/go.mod h1:F/ybU7YfgFcktSp+biKgiHjyscGhlZxOz4QFFQqHXGw=
github.com/aws/aws-sdk-go-v2/service/internal/accept-encoding v1.11.4 h1:KypMCbLPPHEmf9DgMGw51jMj77VfGPAN2Kv4cfhlfgI=
github.com/aws/aws-sdk-go-v2/service/internal/accept-encoding v1.11.4/go.mod h1:Vz1JQXliGcQktFTN/LN6uGppAIRoLBR2bMvIMP0gOjc=
github.com/aws/aws-sdk-go-v2/service/internal/accept-encoding v1.12.3 h1:eAh2A4b5IzM/lum78bZ590jy36+d/aFLgKF/4Vd1xPE=
github.com/aws/aws-sdk-go-v2/service/internal/accept-encoding v1.12.3/go.mod h1:0yKJC/kb8sAnmlYa6Zs3QVYqaC8ug2AbnNChv5Ox3uA=
github.com/aws/aws-sdk-go-v2/service/internal/checksum v1.7.1 h1:4nm2G6A4pV9rdlWzGMPv4BNtQp22v1hg3yrtkYpeLl8=
github.com/aws/aws-sdk-go-v2/service/internal/checksum v1.7.1/go.mod h1:iu6FSzgt+M2/x3Dk8zhycdIcHjEFb36IS8HVUVFoMg0=
github.com/aws/aws-sdk-go-v2/service/internal/endpoint-discovery v1.9.18 h1:GACdEPdpBE59I7pbfvu0/Mw1wzstlP3QtPHklUxybFE=
github.com/aws/aws-sdk-go-v2/service/internal/endpoint-discovery v1.9.18/go.mod h1:K+xV06+Wni4TSaOOJ1Y35e5tYOCUBYbebLKmJQQa8yY=
github.com/aws/aws-sdk-go-v2/service/internal/presigned-url v1.11.19 h1:rfprUlsdzgl7ZL2KlXiUAoJnI/VxfHCvDFr2QDFj6u4=
github.com/aws/aws-sdk-go-v2/service/internal/presigned-url v1.11.19/go.mod h1:SCWkEdRq8/7EK60NcvvQ6NXKuTcchAD4ROAsC37VEZE=
github.com/aws/aws-sdk-go-v2/service/internal/presigned-url v1.12.15 h1:dM9/92u2F1JbDaGooxTq18wmmFzbJRfXfVfy96/1CXM=
github.com/aws/aws-sdk-go-v2/service/internal/presigned-url v1.12.15/go.mod h1:SwFBy2vjtA0vZbjjaFtfN045boopadnoVPhu4Fv66vY=
github.com/aws/aws-sdk-go-v2/service/internal/s3shared v1.18.15 h1:moLQUoVq91LiqT1nbvzDukyqAlCv89ZmwaHw/ZFlFZg=
github.com/aws/aws-sdk-go-v2/service/internal/s3shared v1.18.15/go.mod h1:ZH34PJUc8ApjBIfgQCFvkWcUDBtl/WTD+uiYHjd8igA=
github.com/aws/aws-sdk-go-v2/service/lambda v1.58.3 h1:jG5WkOpwHICcDQfR+o3r4YYCFeghnHQBQyp5YRmKN9w=
github.com/aws/aws-sdk-go-v2/service/lambda v1.58.3/go.mod h1:Y8hbqj7E9G7kQU3Y5btZNVXedcBQ1WVfLRkDSFXDzXI=
github.com/aws/aws-sdk-go-v2/service/s3 v1.79.3 h1:BRXS0U76Z8wfF+bnkilA2QwpIch6URlm++yPUt9QPmQ=
github.com/aws/aws-sdk-go-v2/service/s3 v1.79.3/go.mod h1:bNXKFFyaiVvWuR6O16h/I1724+aXe/tAkA9/QS01t5k=
github.com/aws/aws-sdk-go-v2/service/sso v1.22.7 h1:pIaGg+08llrP7Q5aiz9ICWbY8cqhTkyy+0SHvfzQpTc=
github.com/aws/aws-sdk-go-v2/service/sso v1.22.7/go.mod h1:eEygMHnTKH/3kNp9Jr1n3PdejuSNcgwLe1dWgQtO0VQ=
github.com/aws/aws-sdk-go-v2/service/ssooidc v1.26.7 h1:/Cfdu0XV3mONYKaOt1Gr0k1KvQzkzPyiKUdlWJqy+J4=
github.com/aws/aws-sdk-go-v2/service/ssooidc v1.26.7/go.mod h1:bCbAxKDqNvkHxRaIMnyVPXPo+OaPRwvmgzMxbz1VKSA=
github.com/aws/aws-sdk-go-v2/service/sts v1.30.7 h1:NKTa1eqZYw8tiHSRGpP0VtTdub/8KNk8sDkNPFaOKDE=
github.com/aws/aws-sdk-go-v2/service/sts v1.30.7/go.mod h1:NXi1dIAGteSaRLqYgarlhP/Ij0cFT+qmCwiJqWh/U5o=
github.com/aws/smithy-go v1.20.4 h1:2HK1zBdPgRbjFOHlfeQZfpC4r72MOb9bZkiFwggKO+4=
github.com/aws/smithy-go v1.20.4/go.mod h1:irrKGvNn1InZwb2d7fkIRNucdfwR8R+Ts3wxYa/cJHg=
github.com/aws/smithy-go v1.21.0 h1:H7L8dtDRk0P1Qm6y0ji7MCYMQObJ5R9CRpyPhRUkLYA=
github.com/aws/smithy-go v1.21.0/go.mod h1:irrKGvNn1InZwb2d7fkIRNucdfwR8R+Ts3wxYa/cJHg=
github.com/aws/smithy-go v1.22.2 h1:6D9hW43xKFrRx/tXXfAlIZc4JI+yQe6snnWcQyxSyLQ=
github.com/aws/smithy-go v1.22.2/go.mod h1:irrKGvNn1InZwb2d7fkIRNucdfwR8R+Ts3wxYa/cJHg=
github.com/davecgh/go-spew v1.1.0/go.mod h1:J7Y8YcW2NihsgmVo/mv3lAwl/skON4iLHjSsI+c5H38=
github.com/davecgh/go-spew v1.1.1 h1:vj9j/u1bqnvCEfJOwUhtlOARqs3+rkHYY13jYWTU97c=
github.com/davecgh/go-spew v1.1.1/go.mod h1:J7Y8YcW2NihsgmVo/mv3lAwl/skON4iLHjSsI+c5H38=
github.com/golang-jwt/jwt/v5 v5.2.1 h1:OuVbFODueb089Lh128TAcimifWaLhJwVflnrgM17wHk=
github.com/golang-jwt/jwt/v5 v5.2.1/go.mod h1:pqrtFR0X4osieyHYxtmOUWsAWrfe1Q5UVIyoH402zdk=
github.com/google/uuid v1.6.0 h1:NIvaJDMOsjHA8n1jAhLSgzrAzy1Hgr+hNrb57e+94F0=
github.com/google/uuid v1.6.0/go.mod h1:TIyPZe4MgqvfeYDBFedMoGGpEw/LqOeaOT+nhxU+yHo=
github.com/jmespath/go-jmespath v0.4.0 h1:BEgLn5cpjn8UN1mAw4NjwDrS35OdebyEtFe+9YPoQUg=
github.com/jmespath/go-jmespath v0.4.0/go.mod h1:T8mJZnbsbmF+m6zOOFylbeCJqk5+pHWvzYPziyZiYoo=
github.com/jmespath/go-jmespath/internal/testify v1.5.1 h1:shLQSRRSCCPj3f2gpwzGwWFoC7ycTf1rcQZHOlsJ6N8=
github.com/jmespath/go-jmespath/internal/testify v1.5.1/go.mod h1:L3OGu8Wl2/fWfCI6z80xFu9LTZmf1ZRjMHUOPmWr69U=
github.com/pmezard/go-difflib v1.0.0 h1:4DBwDE0NGyQoBHbLQYPwSUPoCMWR5BEzIk/f1lZbAQM=
github.com/pmezard/go-difflib v1.0.0/go.mod h1:iKH77koFhYxTK1pcRnkKkqfTogsbg7gZNVY4sRDYZ/4=
github.com/stretchr/objx v0.1.0/go.mod h1:HFkY916IF+rwdDfMAkV7OtwuqBVzrE8GR6GFx+wExME=
github.com/stretchr/objx v0.5.2 h1:xuMeJ0Sdp5ZMRXx/aWO6RZxdr3beISkG5/G/aIRr3pY=
github.com/stretchr/objx v0.5.2/go.mod h1:FRsXN1f5AsAjCGJKqEizvkpNtU+EGNCLh3NxZ/8L+MA=
github.com/stretchr/testify v1.9.0 h1:HtqpIVDClZ4nwg75+f6Lvsy/wHu+3BoSGCbBAcpTsTg=
github.com/stretchr/testify v1.9.0/go.mod h1:r2ic/lqez/lEtzL7wO/rwa5dbSLXVDPFyf8C91i36aY=
gopkg.in/check.v1 v0.0.0-20161208181325-20d25e280405 h1:yhCVgyC4o1eVCa2tZl7eS0r+SDo693bJlVdllGtEeKM=
gopkg.in/check.v1 v0.0.0-20161208181325-20d25e280405/go.mod h1:Co6ibVJAznAaIkqp8huTwlJQCZ016jof/cbN4VW5Yz0=
gopkg.in/yaml.v2 v2.2.8 h1:obN1ZagJSUGI0Ek/LBmuj4SNLPfIny3KsKFopxRdj10=
gopkg.in/yaml.v2 v2.2.8/go.mod h1:hI93XBmqTisBFMUTm0b8Fm+jr3Dg1NNxqwp+5A1VGuI=
gopkg.in/yaml.v3 v3.0.1 h1:fxVm/GzAzEWqLHuvctI91KS9hhNmmWOoWu0XTYJS7CA=
gopkg.in/yaml.v3 v3.0.1/go.mod h1:K4uyk7z7BCEPqu6E+C64Yfv1cQ7kz7rIZviUmN+EgEM=
